# THIS IS AN AUTOGENERATED FILE. DO NOT EDIT THIS FILE DIRECTLY.
# yarn lockfile v1


collections@^5.1.5:
  version "5.1.8"
  resolved "https://registry.yarnpkg.com/collections/-/collections-5.1.8.tgz#7480ec54c54dd68e7f448edd788107e6264e9f2d"
  integrity sha512-2Vvizv30fKnBlso7kVtZTsuZDVvA6JvLotsSnGKiAiIM4Z+EW1/9yRgXqJJ0WFzj36yZNTUsI+/Yu2Ogoo0H0w==
  dependencies:
    weak-map "~1.0.x"

weak-map@~1.0.x:
  version "1.0.5"
  resolved "https://registry.yarnpkg.com/weak-map/-/weak-map-1.0.5.tgz#79691584d98607f5070bd3b70a40e6bb22e401eb"
  integrity sha1-eWkVhNmGB/UHC9O3CkDmuyLkAes=
